// !$*UTF8*$!
{
	archiveVersion = 1;
	classes = {
	};
	objectVersion = 50;
	objects = {

/* Begin PBXBuildFile section */
		841A55AA22261F230028A6E3 /* AppDelegate.swift in Sources */ = {isa = PBXBuildFile; fileRef = 841A55A922261F230028A6E3 /* AppDelegate.swift */; };
		841A55AC22261F230028A6E3 /* MapController.swift in Sources */ = {isa = PBXBuildFile; fileRef = 841A55AB22261F230028A6E3 /* MapController.swift */; };
		841A55AF22261F230028A6E3 /* Main.storyboard in Resources */ = {isa = PBXBuildFile; fileRef = 841A55AD22261F230028A6E3 /* Main.storyboard */; };
		841A55B122261F240028A6E3 /* Assets.xcassets in Resources */ = {isa = PBXBuildFile; fileRef = 841A55B022261F240028A6E3 /* Assets.xcassets */; };
		841A55B422261F240028A6E3 /* LaunchScreen.storyboard in Resources */ = {isa = PBXBuildFile; fileRef = 841A55B222261F240028A6E3 /* LaunchScreen.storyboard */; };
		841A55C3222628AA0028A6E3 /* UIView+Extensions.swift in Sources */ = {isa = PBXBuildFile; fileRef = 841A55C2222628AA0028A6E3 /* UIView+Extensions.swift */; };
		841A55C5222629D10028A6E3 /* MapController+Handles.swift in Sources */ = {isa = PBXBuildFile; fileRef = 841A55C4222629D10028A6E3 /* MapController+Handles.swift */; };
		841A55CB222655D90028A6E3 /* MapController+MapKit.swift in Sources */ = {isa = PBXBuildFile; fileRef = 841A55CA222655D90028A6E3 /* MapController+MapKit.swift */; };
		842BEC0C2231B9C600BF35CC /* UIWindowExtension.swift in Sources */ = {isa = PBXBuildFile; fileRef = 842BEC0B2231B9C600BF35CC /* UIWindowExtension.swift */; };
		842BEC0E2231D47D00BF35CC /* FinalCollectionImageCell.swift in Sources */ = {isa = PBXBuildFile; fileRef = 842BEC0D2231D47D00BF35CC /* FinalCollectionImageCell.swift */; };
		8441AE00222A6905002412E0 /* flickr.photos.getSizes.swift in Sources */ = {isa = PBXBuildFile; fileRef = 8441ADFF222A6905002412E0 /* flickr.photos.getSizes.swift */; };
		84601E052227372100A77BAD /* UIColor+Extension.swift in Sources */ = {isa = PBXBuildFile; fileRef = 84601E042227372100A77BAD /* UIColor+Extension.swift */; };
		84601E0D2227A32500A77BAD /* FlickrClient.swift in Sources */ = {isa = PBXBuildFile; fileRef = 84601E0C2227A32500A77BAD /* FlickrClient.swift */; };
		84601E0F2227A35B00A77BAD /* UNSYNC.swift in Sources */ = {isa = PBXBuildFile; fileRef = 84601E0E2227A35B00A77BAD /* UNSYNC.swift */; };
		84601E112227AEA200A77BAD /* flickr.photos.search.swift in Sources */ = {isa = PBXBuildFile; fileRef = 84601E102227AEA200A77BAD /* flickr.photos.search.swift */; };
		84601E132227AF4A00A77BAD /* flickr.photos.getInfo.swift in Sources */ = {isa = PBXBuildFile; fileRef = 84601E122227AF4A00A77BAD /* flickr.photos.getInfo.swift */; };
		8467393C223066160047C3F1 /* FinalCollectionLoadingCell.swift in Sources */ = {isa = PBXBuildFile; fileRef = 8467393B223066160047C3F1 /* FinalCollectionLoadingCell.swift */; };
		8488F40E222DB71700DD8F92 /* Photo_Locations.xcdatamodeld in Sources */ = {isa = PBXBuildFile; fileRef = 8488F40C222DB71700DD8F92 /* Photo_Locations.xcdatamodeld */; };
		8488F413222DBF5A00DD8F92 /* Pin+Extensions.swift in Sources */ = {isa = PBXBuildFile; fileRef = 8488F412222DBF5A00DD8F92 /* Pin+Extensions.swift */; };
		8488F415222DC08F00DD8F92 /* DataController.swift in Sources */ = {isa = PBXBuildFile; fileRef = 8488F414222DC08F00DD8F92 /* DataController.swift */; };
		8488F426222FF4BD00DD8F92 /* MapController+UI.swift in Sources */ = {isa = PBXBuildFile; fileRef = 8488F425222FF4BD00DD8F92 /* MapController+UI.swift */; };
		8488F42A222FF8A500DD8F92 /* MapController+NSFetchedResults.swift in Sources */ = {isa = PBXBuildFile; fileRef = 8488F429222FF8A500DD8F92 /* MapController+NSFetchedResults.swift */; };
		84D0B464223019810048DF91 /* MapController+CoreData.swift in Sources */ = {isa = PBXBuildFile; fileRef = 84D0B463223019810048DF91 /* MapController+CoreData.swift */; };
		84D0B466223020D30048DF91 /* MapController+CustomClasses.swift in Sources */ = {isa = PBXBuildFile; fileRef = 84D0B465223020D30048DF91 /* MapController+CustomClasses.swift */; };
		84D0B46A223051F60048DF91 /* MapCollectionViewController+Collection.swift in Sources */ = {isa = PBXBuildFile; fileRef = 84D0B469223051F60048DF91 /* MapCollectionViewController+Collection.swift */; };
		84D6687B22374092008B7FEC /* CollectionMapViewController.swift in Sources */ = {isa = PBXBuildFile; fileRef = 84D6687A22374092008B7FEC /* CollectionMapViewController.swift */; };
		84D6688322378E5F008B7FEC /* FinalCollectionSelectedImageCell.swift in Sources */ = {isa = PBXBuildFile; fileRef = 84D6688222378E5F008B7FEC /* FinalCollectionSelectedImageCell.swift */; };
		84D66889223847F5008B7FEC /* HELPERS.swift in Sources */ = {isa = PBXBuildFile; fileRef = 84D66888223847F5008B7FEC /* HELPERS.swift */; };
		84D6688C22385279008B7FEC /* MapCollectionViewController+Map.swift in Sources */ = {isa = PBXBuildFile; fileRef = 84D6688B22385279008B7FEC /* MapCollectionViewController+Map.swift */; };
		84D6688E2238547A008B7FEC /* CollectionMapViewController+UI+Overloads.swift in Sources */ = {isa = PBXBuildFile; fileRef = 84D6688D2238547A008B7FEC /* CollectionMapViewController+UI+Overloads.swift */; };
		84D668902238552B008B7FEC /* CollectionMapViewController+Handlers.swift in Sources */ = {isa = PBXBuildFile; fileRef = 84D6688F2238552B008B7FEC /* CollectionMapViewController+Handlers.swift */; };
		84D66892223855B8008B7FEC /* CollectionMapViewController+CoreData.swift in Sources */ = {isa = PBXBuildFile; fileRef = 84D66891223855B8008B7FEC /* CollectionMapViewController+CoreData.swift */; };
/* End PBXBuildFile section */

/* Begin PBXFileReference section */
		841A55A622261F230028A6E3 /* Virtual_Tourist.app */ = {isa = PBXFileReference; explicitFileType = wrapper.application; includeInIndex = 0; path = Virtual_Tourist.app; sourceTree = BUILT_PRODUCTS_DIR; };
		841A55A922261F230028A6E3 /* AppDelegate.swift */ = {isa = PBXFileReference; lastKnownFileType = sourcecode.swift; path = AppDelegate.swift; sourceTree = "<group>"; };
		841A55AB22261F230028A6E3 /* MapController.swift */ = {isa = PBXFileReference; lastKnownFileType = sourcecode.swift; path = MapController.swift; sourceTree = "<group>"; };
		841A55AE22261F230028A6E3 /* Base */ = {isa = PBXFileReference; lastKnownFileType = file.storyboard; name = Base; path = Base.lproj/Main.storyboard; sourceTree = "<group>"; };
		841A55B022261F240028A6E3 /* Assets.xcassets */ = {isa = PBXFileReference; lastKnownFileType = folder.assetcatalog; path = Assets.xcassets; sourceTree = "<group>"; };
		841A55B322261F240028A6E3 /* Base */ = {isa = PBXFileReference; lastKnownFileType = file.storyboard; name = Base; path = Base.lproj/LaunchScreen.storyboard; sourceTree = "<group>"; };
		841A55B522261F240028A6E3 /* Info.plist */ = {isa = PBXFileReference; lastKnownFileType = text.plist.xml; path = Info.plist; sourceTree = "<group>"; };
		841A55C2222628AA0028A6E3 /* UIView+Extensions.swift */ = {isa = PBXFileReference; lastKnownFileType = sourcecode.swift; path = "UIView+Extensions.swift"; sourceTree = "<group>"; };
		841A55C4222629D10028A6E3 /* MapController+Handles.swift */ = {isa = PBXFileReference; lastKnownFileType = sourcecode.swift; path = "MapController+Handles.swift"; sourceTree = "<group>"; };
		841A55CA222655D90028A6E3 /* MapController+MapKit.swift */ = {isa = PBXFileReference; lastKnownFileType = sourcecode.swift; path = "MapController+MapKit.swift"; sourceTree = "<group>"; };
		842BEC0B2231B9C600BF35CC /* UIWindowExtension.swift */ = {isa = PBXFileReference; lastKnownFileType = sourcecode.swift; path = UIWindowExtension.swift; sourceTree = "<group>"; };
		842BEC0D2231D47D00BF35CC /* FinalCollectionImageCell.swift */ = {isa = PBXFileReference; lastKnownFileType = sourcecode.swift; path = FinalCollectionImageCell.swift; sourceTree = "<group>"; };
		8441ADFF222A6905002412E0 /* flickr.photos.getSizes.swift */ = {isa = PBXFileReference; lastKnownFileType = sourcecode.swift; path = flickr.photos.getSizes.swift; sourceTree = "<group>"; };
		84601E042227372100A77BAD /* UIColor+Extension.swift */ = {isa = PBXFileReference; fileEncoding = 4; lastKnownFileType = sourcecode.swift; path = "UIColor+Extension.swift"; sourceTree = "<group>"; };
		84601E0C2227A32500A77BAD /* FlickrClient.swift */ = {isa = PBXFileReference; lastKnownFileType = sourcecode.swift; path = FlickrClient.swift; sourceTree = "<group>"; };
		84601E0E2227A35B00A77BAD /* UNSYNC.swift */ = {isa = PBXFileReference; lastKnownFileType = sourcecode.swift; path = UNSYNC.swift; sourceTree = "<group>"; };
		84601E102227AEA200A77BAD /* flickr.photos.search.swift */ = {isa = PBXFileReference; lastKnownFileType = sourcecode.swift; path = flickr.photos.search.swift; sourceTree = "<group>"; };
		84601E122227AF4A00A77BAD /* flickr.photos.getInfo.swift */ = {isa = PBXFileReference; lastKnownFileType = sourcecode.swift; path = flickr.photos.getInfo.swift; sourceTree = "<group>"; };
		8467393B223066160047C3F1 /* FinalCollectionLoadingCell.swift */ = {isa = PBXFileReference; lastKnownFileType = sourcecode.swift; path = FinalCollectionLoadingCell.swift; sourceTree = "<group>"; };
		8488F40D222DB71700DD8F92 /* Photo_Locations.xcdatamodel */ = {isa = PBXFileReference; lastKnownFileType = wrapper.xcdatamodel; path = Photo_Locations.xcdatamodel; sourceTree = "<group>"; };
		8488F412222DBF5A00DD8F92 /* Pin+Extensions.swift */ = {isa = PBXFileReference; lastKnownFileType = sourcecode.swift; path = "Pin+Extensions.swift"; sourceTree = "<group>"; };
		8488F414222DC08F00DD8F92 /* DataController.swift */ = {isa = PBXFileReference; lastKnownFileType = sourcecode.swift; path = DataController.swift; sourceTree = "<group>"; };
		8488F425222FF4BD00DD8F92 /* MapController+UI.swift */ = {isa = PBXFileReference; lastKnownFileType = sourcecode.swift; path = "MapController+UI.swift"; sourceTree = "<group>"; };
		8488F429222FF8A500DD8F92 /* MapController+NSFetchedResults.swift */ = {isa = PBXFileReference; lastKnownFileType = sourcecode.swift; path = "MapController+NSFetchedResults.swift"; sourceTree = "<group>"; };
		84D0B463223019810048DF91 /* MapController+CoreData.swift */ = {isa = PBXFileReference; lastKnownFileType = sourcecode.swift; path = "MapController+CoreData.swift"; sourceTree = "<group>"; };
		84D0B465223020D30048DF91 /* MapController+CustomClasses.swift */ = {isa = PBXFileReference; lastKnownFileType = sourcecode.swift; path = "MapController+CustomClasses.swift"; sourceTree = "<group>"; };
		84D0B469223051F60048DF91 /* MapCollectionViewController+Collection.swift */ = {isa = PBXFileReference; lastKnownFileType = sourcecode.swift; path = "MapCollectionViewController+Collection.swift"; sourceTree = "<group>"; };
		84D6687A22374092008B7FEC /* CollectionMapViewController.swift */ = {isa = PBXFileReference; fileEncoding = 4; lastKnownFileType = sourcecode.swift; path = CollectionMapViewController.swift; sourceTree = "<group>"; };
		84D6688222378E5F008B7FEC /* FinalCollectionSelectedImageCell.swift */ = {isa = PBXFileReference; lastKnownFileType = sourcecode.swift; path = FinalCollectionSelectedImageCell.swift; sourceTree = "<group>"; };
		84D66888223847F5008B7FEC /* HELPERS.swift */ = {isa = PBXFileReference; lastKnownFileType = sourcecode.swift; path = HELPERS.swift; sourceTree = "<group>"; };
		84D6688B22385279008B7FEC /* MapCollectionViewController+Map.swift */ = {isa = PBXFileReference; lastKnownFileType = sourcecode.swift; path = "MapCollectionViewController+Map.swift"; sourceTree = "<group>"; };
		84D6688D2238547A008B7FEC /* CollectionMapViewController+UI+Overloads.swift */ = {isa = PBXFileReference; lastKnownFileType = sourcecode.swift; path = "CollectionMapViewController+UI+Overloads.swift"; sourceTree = "<group>"; };
		84D6688F2238552B008B7FEC /* CollectionMapViewController+Handlers.swift */ = {isa = PBXFileReference; lastKnownFileType = sourcecode.swift; path = "CollectionMapViewController+Handlers.swift"; sourceTree = "<group>"; };
		84D66891223855B8008B7FEC /* CollectionMapViewController+CoreData.swift */ = {isa = PBXFileReference; lastKnownFileType = sourcecode.swift; path = "CollectionMapViewController+CoreData.swift"; sourceTree = "<group>"; };
/* End PBXFileReference section */

/* Begin PBXFrameworksBuildPhase section */
		841A55A322261F230028A6E3 /* Frameworks */ = {
			isa = PBXFrameworksBuildPhase;
			buildActionMask = 2147483647;
			files = (
			);
			runOnlyForDeploymentPostprocessing = 0;
		};
/* End PBXFrameworksBuildPhase section */

/* Begin PBXGroup section */
		841A559D22261F230028A6E3 = {
			isa = PBXGroup;
			children = (
				841A55A822261F230028A6E3 /* Virtual_Tourist */,
				841A55A722261F230028A6E3 /* Products */,
			);
			sourceTree = "<group>";
		};
		841A55A722261F230028A6E3 /* Products */ = {
			isa = PBXGroup;
			children = (
				841A55A622261F230028A6E3 /* Virtual_Tourist.app */,
			);
			name = Products;
			sourceTree = "<group>";
		};
		841A55A822261F230028A6E3 /* Virtual_Tourist */ = {
			isa = PBXGroup;
			children = (
				84601E0B2227A30700A77BAD /* Models */,
				841A55BC222623220028A6E3 /* Views */,
				841A55BD2226232E0028A6E3 /* Controllers */,
				841A55A922261F230028A6E3 /* AppDelegate.swift */,
				841A55B522261F240028A6E3 /* Info.plist */,
				842BEC0B2231B9C600BF35CC /* UIWindowExtension.swift */,
				84601E0E2227A35B00A77BAD /* UNSYNC.swift */,
			);
			path = Virtual_Tourist;
			sourceTree = "<group>";
		};
		841A55BC222623220028A6E3 /* Views */ = {
			isa = PBXGroup;
			children = (
				84601E042227372100A77BAD /* UIColor+Extension.swift */,
				841A55AD22261F230028A6E3 /* Main.storyboard */,
				841A55B222261F240028A6E3 /* LaunchScreen.storyboard */,
				841A55B022261F240028A6E3 /* Assets.xcassets */,
				841A55C2222628AA0028A6E3 /* UIView+Extensions.swift */,
			);
			path = Views;
			sourceTree = "<group>";
		};
		841A55BD2226232E0028A6E3 /* Controllers */ = {
			isa = PBXGroup;
			children = (
				841A55C6222629ED0028A6E3 /* First Controller */,
				84D6687922374020008B7FEC /* Second Controller */,
			);
			path = Controllers;
			sourceTree = "<group>";
		};
		841A55C6222629ED0028A6E3 /* First Controller */ = {
			isa = PBXGroup;
			children = (
				84D66893223860B7008B7FEC /* Custom Class */,
				841A55AB22261F230028A6E3 /* MapController.swift */,
				84D0B463223019810048DF91 /* MapController+CoreData.swift */,
				841A55C4222629D10028A6E3 /* MapController+Handles.swift */,
				841A55CA222655D90028A6E3 /* MapController+MapKit.swift */,
				8488F429222FF8A500DD8F92 /* MapController+NSFetchedResults.swift */,
				8488F425222FF4BD00DD8F92 /* MapController+UI.swift */,
			);
			path = "First Controller";
			sourceTree = "<group>";
		};
		84601E0B2227A30700A77BAD /* Models */ = {
			isa = PBXGroup;
			children = (
				8488F40B222DB69E00DD8F92 /* Core Data */,
				8488F421222FEBC500DD8F92 /* Flickr Network Requests */,
			);
			path = Models;
			sourceTree = "<group>";
		};
		8488F40B222DB69E00DD8F92 /* Core Data */ = {
			isa = PBXGroup;
			children = (
				8488F40C222DB71700DD8F92 /* Photo_Locations.xcdatamodeld */,
				8488F414222DC08F00DD8F92 /* DataController.swift */,
				8488F422222FF04500DD8F92 /* Entity Extensions */,
			);
			name = "Core Data";
			sourceTree = "<group>";
		};
		8488F421222FEBC500DD8F92 /* Flickr Network Requests */ = {
			isa = PBXGroup;
			children = (
				84601E0C2227A32500A77BAD /* FlickrClient.swift */,
				84601E102227AEA200A77BAD /* flickr.photos.search.swift */,
				84601E122227AF4A00A77BAD /* flickr.photos.getInfo.swift */,
				8441ADFF222A6905002412E0 /* flickr.photos.getSizes.swift */,
			);
			name = "Flickr Network Requests";
			sourceTree = "<group>";
		};
		8488F422222FF04500DD8F92 /* Entity Extensions */ = {
			isa = PBXGroup;
			children = (
				84D66887223847E0008B7FEC /* HELPERS */,
				8488F412222DBF5A00DD8F92 /* Pin+Extensions.swift */,
			);
			name = "Entity Extensions";
			sourceTree = "<group>";
		};
		84D6687922374020008B7FEC /* Second Controller */ = {
			isa = PBXGroup;
			children = (
				84D6688A223850FF008B7FEC /* Collection_Cells */,
				84D6687A22374092008B7FEC /* CollectionMapViewController.swift */,
				84D6688D2238547A008B7FEC /* CollectionMapViewController+UI+Overloads.swift */,
				84D0B469223051F60048DF91 /* MapCollectionViewController+Collection.swift */,
				84D6688B22385279008B7FEC /* MapCollectionViewController+Map.swift */,
				84D66891223855B8008B7FEC /* CollectionMapViewController+CoreData.swift */,
				84D6688F2238552B008B7FEC /* CollectionMapViewController+Handlers.swift */,
			);
			path = "Second Controller";
			sourceTree = "<group>";
		};
		84D66887223847E0008B7FEC /* HELPERS */ = {
			isa = PBXGroup;
			children = (
				84D66888223847F5008B7FEC /* HELPERS.swift */,
			);
			path = HELPERS;
			sourceTree = "<group>";
		};
		84D6688A223850FF008B7FEC /* Collection_Cells */ = {
			isa = PBXGroup;
			children = (
				84D6688222378E5F008B7FEC /* FinalCollectionSelectedImageCell.swift */,
				8467393B223066160047C3F1 /* FinalCollectionLoadingCell.swift */,
				842BEC0D2231D47D00BF35CC /* FinalCollectionImageCell.swift */,
			);
			path = Collection_Cells;
			sourceTree = "<group>";
		};
		84D66893223860B7008B7FEC /* Custom Class */ = {
			isa = PBXGroup;
			children = (
				84D0B465223020D30048DF91 /* MapController+CustomClasses.swift */,
			);
			path = "Custom Class";
			sourceTree = "<group>";
		};
/* End PBXGroup section */

/* Begin PBXNativeTarget section */
		841A55A522261F230028A6E3 /* Virtual_Tourist */ = {
			isa = PBXNativeTarget;
			buildConfigurationList = 841A55B822261F240028A6E3 /* Build configuration list for PBXNativeTarget "Virtual_Tourist" */;
			buildPhases = (
				841A55A222261F230028A6E3 /* Sources */,
				841A55A322261F230028A6E3 /* Frameworks */,
				841A55A422261F230028A6E3 /* Resources */,
			);
			buildRules = (
			);
			dependencies = (
			);
			name = Virtual_Tourist;
			productName = Virtual_Tourist;
			productReference = 841A55A622261F230028A6E3 /* Virtual_Tourist.app */;
			productType = "com.apple.product-type.application";
		};
/* End PBXNativeTarget section */

/* Begin PBXProject section */
		841A559E22261F230028A6E3 /* Project object */ = {
			isa = PBXProject;
			attributes = {
				LastSwiftUpdateCheck = 1010;
				LastUpgradeCheck = 1010;
				ORGANIZATIONNAME = admin;
				TargetAttributes = {
					841A55A522261F230028A6E3 = {
						CreatedOnToolsVersion = 10.1;
					};
				};
			};
			buildConfigurationList = 841A55A122261F230028A6E3 /* Build configuration list for PBXProject "Virtual_Tourist" */;
			compatibilityVersion = "Xcode 9.3";
			developmentRegion = en;
			hasScannedForEncodings = 0;
			knownRegions = (
				en,
				Base,
			);
			mainGroup = 841A559D22261F230028A6E3;
			productRefGroup = 841A55A722261F230028A6E3 /* Products */;
			projectDirPath = "";
			projectRoot = "";
			targets = (
				841A55A522261F230028A6E3 /* Virtual_Tourist */,
			);
		};
/* End PBXProject section */

/* Begin PBXResourcesBuildPhase section */
		841A55A422261F230028A6E3 /* Resources */ = {
			isa = PBXResourcesBuildPhase;
			buildActionMask = 2147483647;
			files = (
				841A55B422261F240028A6E3 /* LaunchScreen.storyboard in Resources */,
				841A55B122261F240028A6E3 /* Assets.xcassets in Resources */,
				841A55AF22261F230028A6E3 /* Main.storyboard in Resources */,
			);
			runOnlyForDeploymentPostprocessing = 0;
		};
/* End PBXResourcesBuildPhase section */

/* Begin PBXSourcesBuildPhase section */
		841A55A222261F230028A6E3 /* Sources */ = {
			isa = PBXSourcesBuildPhase;
			buildActionMask = 2147483647;
			files = (
				8488F42A222FF8A500DD8F92 /* MapController+NSFetchedResults.swift in Sources */,
				84D66892223855B8008B7FEC /* CollectionMapViewController+CoreData.swift in Sources */,
				842BEC0C2231B9C600BF35CC /* UIWindowExtension.swift in Sources */,
				8488F426222FF4BD00DD8F92 /* MapController+UI.swift in Sources */,
				84601E132227AF4A00A77BAD /* flickr.photos.getInfo.swift in Sources */,
				84601E052227372100A77BAD /* UIColor+Extension.swift in Sources */,
				84601E112227AEA200A77BAD /* flickr.photos.search.swift in Sources */,
				84601E0F2227A35B00A77BAD /* UNSYNC.swift in Sources */,
				841A55C5222629D10028A6E3 /* MapController+Handles.swift in Sources */,
				841A55C3222628AA0028A6E3 /* UIView+Extensions.swift in Sources */,
				841A55AC22261F230028A6E3 /* MapController.swift in Sources */,
				84D668902238552B008B7FEC /* CollectionMapViewController+Handlers.swift in Sources */,
				842BEC0E2231D47D00BF35CC /* FinalCollectionImageCell.swift in Sources */,
				84D0B466223020D30048DF91 /* MapController+CustomClasses.swift in Sources */,
				84D6687B22374092008B7FEC /* CollectionMapViewController.swift in Sources */,
				8488F40E222DB71700DD8F92 /* Photo_Locations.xcdatamodeld in Sources */,
				841A55CB222655D90028A6E3 /* MapController+MapKit.swift in Sources */,
				8441AE00222A6905002412E0 /* flickr.photos.getSizes.swift in Sources */,
				8488F413222DBF5A00DD8F92 /* Pin+Extensions.swift in Sources */,
				84D6688322378E5F008B7FEC /* FinalCollectionSelectedImageCell.swift in Sources */,
				84D0B464223019810048DF91 /* MapController+CoreData.swift in Sources */,
				8488F415222DC08F00DD8F92 /* DataController.swift in Sources */,
				84D66889223847F5008B7FEC /* HELPERS.swift in Sources */,
				84D0B46A223051F60048DF91 /* MapCollectionViewController+Collection.swift in Sources */,
				84D6688C22385279008B7FEC /* MapCollectionViewController+Map.swift in Sources */,
				84D6688E2238547A008B7FEC /* CollectionMapViewController+UI+Overloads.swift in Sources */,
				841A55AA22261F230028A6E3 /* AppDelegate.swift in Sources */,
				8467393C223066160047C3F1 /* FinalCollectionLoadingCell.swift in Sources */,
				84601E0D2227A32500A77BAD /* FlickrClient.swift in Sources */,
			);
			runOnlyForDeploymentPostprocessing = 0;
		};
/* End PBXSourcesBuildPhase section */

/* Begin PBXVariantGroup section */
		841A55AD22261F230028A6E3 /* Main.storyboard */ = {
			isa = PBXVariantGroup;
			children = (
				841A55AE22261F230028A6E3 /* Base */,
			);
			name = Main.storyboard;
			sourceTree = "<group>";
		};
		841A55B222261F240028A6E3 /* LaunchScreen.storyboard */ = {
			isa = PBXVariantGroup;
			children = (
				841A55B322261F240028A6E3 /* Base */,
			);
			name = LaunchScreen.storyboard;
			sourceTree = "<group>";
		};
/* End PBXVariantGroup section */

/* Begin XCBuildConfiguration section */
		841A55B622261F240028A6E3 /* Debug */ = {
			isa = XCBuildConfiguration;
			buildSettings = {
				ALWAYS_SEARCH_USER_PATHS = NO;
				CLANG_ANALYZER_NONNULL = YES;
				CLANG_ANALYZER_NUMBER_OBJECT_CONVERSION = YES_AGGRESSIVE;
				CLANG_CXX_LANGUAGE_STANDARD = "gnu++14";
				CLANG_CXX_LIBRARY = "libc++";
				CLANG_ENABLE_MODULES = YES;
				CLANG_ENABLE_OBJC_ARC = YES;
				CLANG_ENABLE_OBJC_WEAK = YES;
				CLANG_WARN_BLOCK_CAPTURE_AUTORELEASING = YES;
				CLANG_WARN_BOOL_CONVERSION = YES;
				CLANG_WARN_COMMA = YES;
				CLANG_WARN_CONSTANT_CONVERSION = YES;
				CLANG_WARN_DEPRECATED_OBJC_IMPLEMENTATIONS = YES;
				CLANG_WARN_DIRECT_OBJC_ISA_USAGE = YES_ERROR;
				CLANG_WARN_DOCUMENTATION_COMMENTS = YES;
				CLANG_WARN_EMPTY_BODY = YES;
				CLANG_WARN_ENUM_CONVERSION = YES;
				CLANG_WARN_INFINITE_RECURSION = YES;
				CLANG_WARN_INT_CONVERSION = YES;
				CLANG_WARN_NON_LITERAL_NULL_CONVERSION = YES;
				CLANG_WARN_OBJC_IMPLICIT_RETAIN_SELF = YES;
				CLANG_WARN_OBJC_LITERAL_CONVERSION = YES;
				CLANG_WARN_OBJC_ROOT_CLASS = YES_ERROR;
				CLANG_WARN_RANGE_LOOP_ANALYSIS = YES;
				CLANG_WARN_STRICT_PROTOTYPES = YES;
				CLANG_WARN_SUSPICIOUS_MOVE = YES;
				CLANG_WARN_UNGUARDED_AVAILABILITY = YES_AGGRESSIVE;
				CLANG_WARN_UNREACHABLE_CODE = YES;
				CLANG_WARN__DUPLICATE_METHOD_MATCH = YES;
				CODE_SIGN_IDENTITY = "iPhone Developer";
				COPY_PHASE_STRIP = NO;
				DEBUG_INFORMATION_FORMAT = dwarf;
				ENABLE_STRICT_OBJC_MSGSEND = YES;
				ENABLE_TESTABILITY = YES;
				GCC_C_LANGUAGE_STANDARD = gnu11;
				GCC_DYNAMIC_NO_PIC = NO;
				GCC_NO_COMMON_BLOCKS = YES;
				GCC_OPTIMIZATION_LEVEL = 0;
				GCC_PREPROCESSOR_DEFINITIONS = (
					"DEBUG=1",
					"$(inherited)",
				);
				GCC_WARN_64_TO_32_BIT_CONVERSION = YES;
				GCC_WARN_ABOUT_RETURN_TYPE = YES_ERROR;
				GCC_WARN_UNDECLARED_SELECTOR = YES;
				GCC_WARN_UNINITIALIZED_AUTOS = YES_AGGRESSIVE;
				GCC_WARN_UNUSED_FUNCTION = YES;
				GCC_WARN_UNUSED_VARIABLE = YES;
				IPHONEOS_DEPLOYMENT_TARGET = 12.1;
				MTL_ENABLE_DEBUG_INFO = INCLUDE_SOURCE;
				MTL_FAST_MATH = YES;
				ONLY_ACTIVE_ARCH = YES;
				SDKROOT = iphoneos;
				SWIFT_ACTIVE_COMPILATION_CONDITIONS = DEBUG;
				SWIFT_OPTIMIZATION_LEVEL = "-Onone";
			};
			name = Debug;
		};
		841A55B722261F240028A6E3 /* Release */ = {
			isa = XCBuildConfiguration;
			buildSettings = {
				ALWAYS_SEARCH_USER_PATHS = NO;
				CLANG_ANALYZER_NONNULL = YES;
				CLANG_ANALYZER_NUMBER_OBJECT_CONVERSION = YES_AGGRESSIVE;
				CLANG_CXX_LANGUAGE_STANDARD = "gnu++14";
				CLANG_CXX_LIBRARY = "libc++";
				CLANG_ENABLE_MODULES = YES;
				CLANG_ENABLE_OBJC_ARC = YES;
				CLANG_ENABLE_OBJC_WEAK = YES;
				CLANG_WARN_BLOCK_CAPTURE_AUTORELEASING = YES;
				CLANG_WARN_BOOL_CONVERSION = YES;
				CLANG_WARN_COMMA = YES;
				CLANG_WARN_CONSTANT_CONVERSION = YES;
				CLANG_WARN_DEPRECATED_OBJC_IMPLEMENTATIONS = YES;
				CLANG_WARN_DIRECT_OBJC_ISA_USAGE = YES_ERROR;
				CLANG_WARN_DOCUMENTATION_COMMENTS = YES;
				CLANG_WARN_EMPTY_BODY = YES;
				CLANG_WARN_ENUM_CONVERSION = YES;
				CLANG_WARN_INFINITE_RECURSION = YES;
				CLANG_WARN_INT_CONVERSION = YES;
				CLANG_WARN_NON_LITERAL_NULL_CONVERSION = YES;
				CLANG_WARN_OBJC_IMPLICIT_RETAIN_SELF = YES;
				CLANG_WARN_OBJC_LITERAL_CONVERSION = YES;
				CLANG_WARN_OBJC_ROOT_CLASS = YES_ERROR;
				CLANG_WARN_RANGE_LOOP_ANALYSIS = YES;
				CLANG_WARN_STRICT_PROTOTYPES = YES;
				CLANG_WARN_SUSPICIOUS_MOVE = YES;
				CLANG_WARN_UNGUARDED_AVAILABILITY = YES_AGGRESSIVE;
				CLANG_WARN_UNREACHABLE_CODE = YES;
				CLANG_WARN__DUPLICATE_METHOD_MATCH = YES;
				CODE_SIGN_IDENTITY = "iPhone Developer";
				COPY_PHASE_STRIP = NO;
				DEBUG_INFORMATION_FORMAT = "dwarf-with-dsym";
				ENABLE_NS_ASSERTIONS = NO;
				ENABLE_STRICT_OBJC_MSGSEND = YES;
				GCC_C_LANGUAGE_STANDARD = gnu11;
				GCC_NO_COMMON_BLOCKS = YES;
				GCC_WARN_64_TO_32_BIT_CONVERSION = YES;
				GCC_WARN_ABOUT_RETURN_TYPE = YES_ERROR;
				GCC_WARN_UNDECLARED_SELECTOR = YES;
				GCC_WARN_UNINITIALIZED_AUTOS = YES_AGGRESSIVE;
				GCC_WARN_UNUSED_FUNCTION = YES;
				GCC_WARN_UNUSED_VARIABLE = YES;
				IPHONEOS_DEPLOYMENT_TARGET = 12.1;
				MTL_ENABLE_DEBUG_INFO = NO;
				MTL_FAST_MATH = YES;
				SDKROOT = iphoneos;
				SWIFT_COMPILATION_MODE = wholemodule;
				SWIFT_OPTIMIZATION_LEVEL = "-O";
				VALIDATE_PRODUCT = YES;
			};
			name = Release;
		};
		841A55B922261F240028A6E3 /* Debug */ = {
			isa = XCBuildConfiguration;
			buildSettings = {
				ASSETCATALOG_COMPILER_APPICON_NAME = AppIcon;
				CODE_SIGN_STYLE = Automatic;
				DEVELOPMENT_TEAM = S47KDE6E7N;
				INFOPLIST_FILE = Virtual_Tourist/Info.plist;
				LD_RUNPATH_SEARCH_PATHS = (
					"$(inherited)",
					"@executable_path/Frameworks",
				);
				PRODUCT_BUNDLE_IDENTIFIER = "asdf.ewr.eu.Virtual-Tourist";
				PRODUCT_NAME = "$(TARGET_NAME)";
				SWIFT_VERSION = 4.2;
				TARGETED_DEVICE_FAMILY = "1,2";
			};
			name = Debug;
		};
		841A55BA22261F240028A6E3 /* Release */ = {
			isa = XCBuildConfiguration;
			buildSettings = {
				ASSETCATALOG_COMPILER_APPICON_NAME = AppIcon;
				CODE_SIGN_STYLE = Automatic;
				DEVELOPMENT_TEAM = S47KDE6E7N;
				INFOPLIST_FILE = Virtual_Tourist/Info.plist;
				LD_RUNPATH_SEARCH_PATHS = (
					"$(inherited)",
					"@executable_path/Frameworks",
				);
				PRODUCT_BUNDLE_IDENTIFIER = "asdf.ewr.eu.Virtual-Tourist";
				PRODUCT_NAME = "$(TARGET_NAME)";
				SWIFT_VERSION = 4.2;
				TARGETED_DEVICE_FAMILY = "1,2";
			};
			name = Release;
		};
/* End XCBuildConfiguration section */

/* Begin XCConfigurationList section */
		841A55A122261F230028A6E3 /* Build configuration list for PBXProject "Virtual_Tourist" */ = {
			isa = XCConfigurationList;
			buildConfigurations = (
				841A55B622261F240028A6E3 /* Debug */,
				841A55B722261F240028A6E3 /* Release */,
			);
			defaultConfigurationIsVisible = 0;
			defaultConfigurationName = Release;
		};
		841A55B822261F240028A6E3 /* Build configuration list for PBXNativeTarget "Virtual_Tourist" */ = {
			isa = XCConfigurationList;
			buildConfigurations = (
				841A55B922261F240028A6E3 /* Debug */,
				841A55BA22261F240028A6E3 /* Release */,
			);
			defaultConfigurationIsVisible = 0;
			defaultConfigurationName = Release;
		};
/* End XCConfigurationList section */

/* Begin XCVersionGroup section */
		8488F40C222DB71700DD8F92 /* Photo_Locations.xcdatamodeld */ = {
			isa = XCVersionGroup;
			children = (
				8488F40D222DB71700DD8F92 /* Photo_Locations.xcdatamodel */,
			);
			currentVersion = 8488F40D222DB71700DD8F92 /* Photo_Locations.xcdatamodel */;
			path = Photo_Locations.xcdatamodeld;
			sourceTree = "<group>";
			versionGroupType = wrapper.xcdatamodel;
		};
/* End XCVersionGroup section */
	};
	rootObject = 841A559E22261F230028A6E3 /* Project object */;
}
